// !$*UTF8*$!
{
	archiveVersion = 1;
	classes = {
	};
	objectVersion = 50;
	objects = {

/* Begin PBXBuildFile section */
		F8E6EB9622AE4079001D51ED /* AppDelegate.swift in Sources */ = {isa = PBXBuildFile; fileRef = F8E6EB9522AE4079001D51ED /* AppDelegate.swift */; };
		F8E6EB9822AE4079001D51ED /* ViewController.swift in Sources */ = {isa = PBXBuildFile; fileRef = F8E6EB9722AE4079001D51ED /* ViewController.swift */; };
		F8E6EB9B22AE4079001D51ED /* Main.storyboard in Resources */ = {isa = PBXBuildFile; fileRef = F8E6EB9922AE4079001D51ED /* Main.storyboard */; };
		F8E6EB9D22AE407A001D51ED /* Assets.xcassets in Resources */ = {isa = PBXBuildFile; fileRef = F8E6EB9C22AE407A001D51ED /* Assets.xcassets */; };
		F8E6EBA022AE407A001D51ED /* LaunchScreen.storyboard in Resources */ = {isa = PBXBuildFile; fileRef = F8E6EB9E22AE407A001D51ED /* LaunchScreen.storyboard */; };
		F8E6EBAB22AE407B001D51ED /* Swift4ScanQRCodeTests.swift in Sources */ = {isa = PBXBuildFile; fileRef = F8E6EBAA22AE407B001D51ED /* Swift4ScanQRCodeTests.swift */; };
		F8E6EBB622AE407B001D51ED /* Swift4ScanQRCodeUITests.swift in Sources */ = {isa = PBXBuildFile; fileRef = F8E6EBB522AE407B001D51ED /* Swift4ScanQRCodeUITests.swift */; };
		F8E6EBC522AE421C001D51ED /* ScannerViewController.swift in Sources */ = {isa = PBXBuildFile; fileRef = F8E6EBC422AE421C001D51ED /* ScannerViewController.swift */; };
/* End PBXBuildFile section */

/* Begin PBXContainerItemProxy section */
		F8E6EBA722AE407B001D51ED /* PBXContainerItemProxy */ = {
			isa = PBXContainerItemProxy;
			containerPortal = F8E6EB8A22AE4079001D51ED /* Project object */;
			proxyType = 1;
			remoteGlobalIDString = F8E6EB9122AE4079001D51ED;
			remoteInfo = Swift4ScanQRCode;
		};
		F8E6EBB222AE407B001D51ED /* PBXContainerItemProxy */ = {
			isa = PBXContainerItemProxy;
			containerPortal = F8E6EB8A22AE4079001D51ED /* Project object */;
			proxyType = 1;
			remoteGlobalIDString = F8E6EB9122AE4079001D51ED;
			remoteInfo = Swift4ScanQRCode;
		};
/* End PBXContainerItemProxy section */

/* Begin PBXFileReference section */
		F8E6EB9222AE4079001D51ED /* Swift5ScanQRCode.app */ = {isa = PBXFileReference; explicitFileType = wrapper.application; includeInIndex = 0; path = Swift5ScanQRCode.app; sourceTree = BUILT_PRODUCTS_DIR; };
		F8E6EB9522AE4079001D51ED /* AppDelegate.swift */ = {isa = PBXFileReference; lastKnownFileType = sourcecode.swift; path = AppDelegate.swift; sourceTree = "<group>"; };
		F8E6EB9722AE4079001D51ED /* ViewController.swift */ = {isa = PBXFileReference; lastKnownFileType = sourcecode.swift; path = ViewController.swift; sourceTree = "<group>"; };
		F8E6EB9A22AE4079001D51ED /* Base */ = {isa = PBXFileReference; lastKnownFileType = file.storyboard; name = Base; path = Base.lproj/Main.storyboard; sourceTree = "<group>"; };
		F8E6EB9C22AE407A001D51ED /* Assets.xcassets */ = {isa = PBXFileReference; lastKnownFileType = folder.assetcatalog; path = Assets.xcassets; sourceTree = "<group>"; };
		F8E6EB9F22AE407A001D51ED /* Base */ = {isa = PBXFileReference; lastKnownFileType = file.storyboard; name = Base; path = Base.lproj/LaunchScreen.storyboard; sourceTree = "<group>"; };
		F8E6EBA122AE407A001D51ED /* Info.plist */ = {isa = PBXFileReference; lastKnownFileType = text.plist.xml; path = Info.plist; sourceTree = "<group>"; };
		F8E6EBA622AE407B001D51ED /* Swift5ScanQRCodeTests.xctest */ = {isa = PBXFileReference; explicitFileType = wrapper.cfbundle; includeInIndex = 0; path = Swift5ScanQRCodeTests.xctest; sourceTree = BUILT_PRODUCTS_DIR; };
		F8E6EBAA22AE407B001D51ED /* Swift4ScanQRCodeTests.swift */ = {isa = PBXFileReference; lastKnownFileType = sourcecode.swift; path = Swift4ScanQRCodeTests.swift; sourceTree = "<group>"; };
		F8E6EBAC22AE407B001D51ED /* Info.plist */ = {isa = PBXFileReference; lastKnownFileType = text.plist.xml; path = Info.plist; sourceTree = "<group>"; };
		F8E6EBB122AE407B001D51ED /* Swift5ScanQRCodeUITests.xctest */ = {isa = PBXFileReference; explicitFileType = wrapper.cfbundle; includeInIndex = 0; path = Swift5ScanQRCodeUITests.xctest; sourceTree = BUILT_PRODUCTS_DIR; };
		F8E6EBB522AE407B001D51ED /* Swift4ScanQRCodeUITests.swift */ = {isa = PBXFileReference; lastKnownFileType = sourcecode.swift; path = Swift4ScanQRCodeUITests.swift; sourceTree = "<group>"; };
		F8E6EBB722AE407B001D51ED /* Info.plist */ = {isa = PBXFileReference; lastKnownFileType = text.plist.xml; path = Info.plist; sourceTree = "<group>"; };
		F8E6EBC422AE421C001D51ED /* ScannerViewController.swift */ = {isa = PBXFileReference; lastKnownFileType = sourcecode.swift; path = ScannerViewController.swift; sourceTree = "<group>"; };
/* End PBXFileReference section */

/* Begin PBXFrameworksBuildPhase section */
		F8E6EB8F22AE4079001D51ED /* Frameworks */ = {
			isa = PBXFrameworksBuildPhase;
			buildActionMask = 2147483647;
			files = (
			);
			runOnlyForDeploymentPostprocessing = 0;
		};
		F8E6EBA322AE407B001D51ED /* Frameworks */ = {
			isa = PBXFrameworksBuildPhase;
			buildActionMask = 2147483647;
			files = (
			);
			runOnlyForDeploymentPostprocessing = 0;
		};
		F8E6EBAE22AE407B001D51ED /* Frameworks */ = {
			isa = PBXFrameworksBuildPhase;
			buildActionMask = 2147483647;
			files = (
			);
			runOnlyForDeploymentPostprocessing = 0;
		};
/* End PBXFrameworksBuildPhase section */

/* Begin PBXGroup section */
		F8E6EB8922AE4079001D51ED = {
			isa = PBXGroup;
			children = (
				F8E6EB9422AE4079001D51ED /* Swift4ScanQRCode */,
				F8E6EBA922AE407B001D51ED /* Swift4ScanQRCodeTests */,
				F8E6EBB422AE407B001D51ED /* Swift4ScanQRCodeUITests */,
				F8E6EB9322AE4079001D51ED /* Products */,
			);
			sourceTree = "<group>";
		};
		F8E6EB9322AE4079001D51ED /* Products */ = {
			isa = PBXGroup;
			children = (
				F8E6EB9222AE4079001D51ED /* Swift5ScanQRCode.app */,
				F8E6EBA622AE407B001D51ED /* Swift5ScanQRCodeTests.xctest */,
				F8E6EBB122AE407B001D51ED /* Swift5ScanQRCodeUITests.xctest */,
			);
			name = Products;
			sourceTree = "<group>";
		};
		F8E6EB9422AE4079001D51ED /* Swift4ScanQRCode */ = {
			isa = PBXGroup;
			children = (
				F8E6EB9522AE4079001D51ED /* AppDelegate.swift */,
				F8E6EB9722AE4079001D51ED /* ViewController.swift */,
				F8E6EB9922AE4079001D51ED /* Main.storyboard */,
				F8E6EB9C22AE407A001D51ED /* Assets.xcassets */,
				F8E6EB9E22AE407A001D51ED /* LaunchScreen.storyboard */,
				F8E6EBA122AE407A001D51ED /* Info.plist */,
				F8E6EBC422AE421C001D51ED /* ScannerViewController.swift */,
			);
			path = Swift4ScanQRCode;
			sourceTree = "<group>";
		};
		F8E6EBA922AE407B001D51ED /* Swift4ScanQRCodeTests */ = {
			isa = PBXGroup;
			children = (
				F8E6EBAA22AE407B001D51ED /* Swift4ScanQRCodeTests.swift */,
				F8E6EBAC22AE407B001D51ED /* Info.plist */,
			);
			path = Swift4ScanQRCodeTests;
			sourceTree = "<group>";
		};
		F8E6EBB422AE407B001D51ED /* Swift4ScanQRCodeUITests */ = {
			isa = PBXGroup;
			children = (
				F8E6EBB522AE407B001D51ED /* Swift4ScanQRCodeUITests.swift */,
				F8E6EBB722AE407B001D51ED /* Info.plist */,
			);
			path = Swift4ScanQRCodeUITests;
			sourceTree = "<group>";
		};
/* End PBXGroup section */

/* Begin PBXNativeTarget section */
		F8E6EB9122AE4079001D51ED /* Swift5ScanQRCode */ = {
			isa = PBXNativeTarget;
			buildConfigurationList = F8E6EBBA22AE407B001D51ED /* Build configuration list for PBXNativeTarget "Swift5ScanQRCode" */;
			buildPhases = (
				F8E6EB8E22AE4079001D51ED /* Sources */,
				F8E6EB8F22AE4079001D51ED /* Frameworks */,
				F8E6EB9022AE4079001D51ED /* Resources */,
			);
			buildRules = (
			);
			dependencies = (
			);
			name = Swift5ScanQRCode;
			productName = Swift4ScanQRCode;
			productReference = F8E6EB9222AE4079001D51ED /* Swift5ScanQRCode.app */;
			productType = "com.apple.product-type.application";
		};
		F8E6EBA522AE407B001D51ED /* Swift5ScanQRCodeTests */ = {
			isa = PBXNativeTarget;
			buildConfigurationList = F8E6EBBD22AE407B001D51ED /* Build configuration list for PBXNativeTarget "Swift5ScanQRCodeTests" */;
			buildPhases = (
				F8E6EBA222AE407B001D51ED /* Sources */,
				F8E6EBA322AE407B001D51ED /* Frameworks */,
				F8E6EBA422AE407B001D51ED /* Resources */,
			);
			buildRules = (
			);
			dependencies = (
				F8E6EBA822AE407B001D51ED /* PBXTargetDependency */,
			);
			name = Swift5ScanQRCodeTests;
			productName = Swift4ScanQRCodeTests;
			productReference = F8E6EBA622AE407B001D51ED /* Swift5ScanQRCodeTests.xctest */;
			productType = "com.apple.product-type.bundle.unit-test";
		};
		F8E6EBB022AE407B001D51ED /* Swift5ScanQRCodeUITests */ = {
			isa = PBXNativeTarget;
			buildConfigurationList = F8E6EBC022AE407B001D51ED /* Build configuration list for PBXNativeTarget "Swift5ScanQRCodeUITests" */;
			buildPhases = (
				F8E6EBAD22AE407B001D51ED /* Sources */,
				F8E6EBAE22AE407B001D51ED /* Frameworks */,
				F8E6EBAF22AE407B001D51ED /* Resources */,
			);
			buildRules = (
			);
			dependencies = (
				F8E6EBB322AE407B001D51ED /* PBXTargetDependency */,
			);
			name = Swift5ScanQRCodeUITests;
			productName = Swift4ScanQRCodeUITests;
			productReference = F8E6EBB122AE407B001D51ED /* Swift5ScanQRCodeUITests.xctest */;
			productType = "com.apple.product-type.bundle.ui-testing";
		};
/* End PBXNativeTarget section */

/* Begin PBXProject section */
		F8E6EB8A22AE4079001D51ED /* Project object */ = {
			isa = PBXProject;
			attributes = {
				LastSwiftUpdateCheck = 1020;
				LastUpgradeCheck = 1020;
				ORGANIZATIONNAME = "abid hussain";
				TargetAttributes = {
					F8E6EB9122AE4079001D51ED = {
						CreatedOnToolsVersion = 10.2.1;
					};
					F8E6EBA522AE407B001D51ED = {
						CreatedOnToolsVersion = 10.2.1;
						TestTargetID = F8E6EB9122AE4079001D51ED;
					};
					F8E6EBB022AE407B001D51ED = {
						CreatedOnToolsVersion = 10.2.1;
						TestTargetID = F8E6EB9122AE4079001D51ED;
					};
				};
			};
			buildConfigurationList = F8E6EB8D22AE4079001D51ED /* Build configuration list for PBXProject "Swift5ScanQRCode" */;
			compatibilityVersion = "Xcode 9.3";
			developmentRegion = en;
			hasScannedForEncodings = 0;
			knownRegions = (
				en,
				Base,
			);
			mainGroup = F8E6EB8922AE4079001D51ED;
			productRefGroup = F8E6EB9322AE4079001D51ED /* Products */;
			projectDirPath = "";
			projectRoot = "";
			targets = (
				F8E6EB9122AE4079001D51ED /* Swift5ScanQRCode */,
				F8E6EBA522AE407B001D51ED /* Swift5ScanQRCodeTests */,
				F8E6EBB022AE407B001D51ED /* Swift5ScanQRCodeUITests */,
			);
		};
/* End PBXProject section */

/* Begin PBXResourcesBuildPhase section */
		F8E6EB9022AE4079001D51ED /* Resources */ = {
			isa = PBXResourcesBuildPhase;
			buildActionMask = 2147483647;
			files = (
				F8E6EBA022AE407A001D51ED /* LaunchScreen.storyboard in Resources */,
				F8E6EB9D22AE407A001D51ED /* Assets.xcassets in Resources */,
				F8E6EB9B22AE4079001D51ED /* Main.storyboard in Resources */,
			);
			runOnlyForDeploymentPostprocessing = 0;
		};
		F8E6EBA422AE407B001D51ED /* Resources */ = {
			isa = PBXResourcesBuildPhase;
			buildActionMask = 2147483647;
			files = (
			);
			runOnlyForDeploymentPostprocessing = 0;
		};
		F8E6EBAF22AE407B001D51ED /* Resources */ = {
			isa = PBXResourcesBuildPhase;
			buildActionMask = 2147483647;
			files = (
			);
			runOnlyForDeploymentPostprocessing = 0;
		};
/* End PBXResourcesBuildPhase section */

/* Begin PBXSourcesBuildPhase section */
		F8E6EB8E22AE4079001D51ED /* Sources */ = {
			isa = PBXSourcesBuildPhase;
			buildActionMask = 2147483647;
			files = (
				F8E6EB9822AE4079001D51ED /* ViewController.swift in Sources */,
				F8E6EBC522AE421C001D51ED /* ScannerViewController.swift in Sources */,
				F8E6EB9622AE4079001D51ED /* AppDelegate.swift in Sources */,
			);
			runOnlyForDeploymentPostprocessing = 0;
		};
		F8E6EBA222AE407B001D51ED /* Sources */ = {
			isa = PBXSourcesBuildPhase;
			buildActionMask = 2147483647;
			files = (
				F8E6EBAB22AE407B001D51ED /* Swift4ScanQRCodeTests.swift in Sources */,
			);
			runOnlyForDeploymentPostprocessing = 0;
		};
		F8E6EBAD22AE407B001D51ED /* Sources */ = {
			isa = PBXSourcesBuildPhase;
			buildActionMask = 2147483647;
			files = (
				F8E6EBB622AE407B001D51ED /* Swift4ScanQRCodeUITests.swift in Sources */,
			);
			runOnlyForDeploymentPostprocessing = 0;
		};
/* End PBXSourcesBuildPhase section */

/* Begin PBXTargetDependency section */
		F8E6EBA822AE407B001D51ED /* PBXTargetDependency */ = {
			isa = PBXTargetDependency;
			target = F8E6EB9122AE4079001D51ED /* Swift5ScanQRCode */;
			targetProxy = F8E6EBA722AE407B001D51ED /* PBXContainerItemProxy */;
		};
		F8E6EBB322AE407B001D51ED /* PBXTargetDependency */ = {
			isa = PBXTargetDependency;
			target = F8E6EB9122AE4079001D51ED /* Swift5ScanQRCode */;
			targetProxy = F8E6EBB222AE407B001D51ED /* PBXContainerItemProxy */;
		};
/* End PBXTargetDependency section */

/* Begin PBXVariantGroup section */
		F8E6EB9922AE4079001D51ED /* Main.storyboard */ = {
			isa = PBXVariantGroup;
			children = (
				F8E6EB9A22AE4079001D51ED /* Base */,
			);
			name = Main.storyboard;
			sourceTree = "<group>";
		};
		F8E6EB9E22AE407A001D51ED /* LaunchScreen.storyboard */ = {
			isa = PBXVariantGroup;
			children = (
				F8E6EB9F22AE407A001D51ED /* Base */,
			);
			name = LaunchScreen.storyboard;
			sourceTree = "<group>";
		};
/* End PBXVariantGroup section */

/* Begin XCBuildConfiguration section */
		F8E6EBB822AE407B001D51ED /* Debug */ = {
			isa = XCBuildConfiguration;
			buildSettings = {
				ALWAYS_SEARCH_USER_PATHS = NO;
				CLANG_ANALYZER_NONNULL = YES;
				CLANG_ANALYZER_NUMBER_OBJECT_CONVERSION = YES_AGGRESSIVE;
				CLANG_CXX_LANGUAGE_STANDARD = "gnu++14";
				CLANG_CXX_LIBRARY = "libc++";
				CLANG_ENABLE_MODULES = YES;
				CLANG_ENABLE_OBJC_ARC = YES;
				CLANG_ENABLE_OBJC_WEAK = YES;
				CLANG_WARN_BLOCK_CAPTURE_AUTORELEASING = YES;
				CLANG_WARN_BOOL_CONVERSION = YES;
				CLANG_WARN_COMMA = YES;
				CLANG_WARN_CONSTANT_CONVERSION = YES;
				CLANG_WARN_DEPRECATED_OBJC_IMPLEMENTATIONS = YES;
				CLANG_WARN_DIRECT_OBJC_ISA_USAGE = YES_ERROR;
				CLANG_WARN_DOCUMENTATION_COMMENTS = YES;
				CLANG_WARN_EMPTY_BODY = YES;
				CLANG_WARN_ENUM_CONVERSION = YES;
				CLANG_WARN_INFINITE_RECURSION = YES;
				CLANG_WARN_INT_CONVERSION = YES;
				CLANG_WARN_NON_LITERAL_NULL_CONVERSION = YES;
				CLANG_WARN_OBJC_IMPLICIT_RETAIN_SELF = YES;
				CLANG_WARN_OBJC_LITERAL_CONVERSION = YES;
				CLANG_WARN_OBJC_ROOT_CLASS = YES_ERROR;
				CLANG_WARN_RANGE_LOOP_ANALYSIS = YES;
				CLANG_WARN_STRICT_PROTOTYPES = YES;
				CLANG_WARN_SUSPICIOUS_MOVE = YES;
				CLANG_WARN_UNGUARDED_AVAILABILITY = YES_AGGRESSIVE;
				CLANG_WARN_UNREACHABLE_CODE = YES;
				CLANG_WARN__DUPLICATE_METHOD_MATCH = YES;
				CODE_SIGN_IDENTITY = "iPhone Developer";
				COPY_PHASE_STRIP = NO;
				DEBUG_INFORMATION_FORMAT = dwarf;
				ENABLE_STRICT_OBJC_MSGSEND = YES;
				ENABLE_TESTABILITY = YES;
				GCC_C_LANGUAGE_STANDARD = gnu11;
				GCC_DYNAMIC_NO_PIC = NO;
				GCC_NO_COMMON_BLOCKS = YES;
				GCC_OPTIMIZATION_LEVEL = 0;
				GCC_PREPROCESSOR_DEFINITIONS = (
					"DEBUG=1",
					"$(inherited)",
				);
				GCC_WARN_64_TO_32_BIT_CONVERSION = YES;
				GCC_WARN_ABOUT_RETURN_TYPE = YES_ERROR;
				GCC_WARN_UNDECLARED_SELECTOR = YES;
				GCC_WARN_UNINITIALIZED_AUTOS = YES_AGGRESSIVE;
				GCC_WARN_UNUSED_FUNCTION = YES;
				GCC_WARN_UNUSED_VARIABLE = YES;
				IPHONEOS_DEPLOYMENT_TARGET = 12.2;
				MTL_ENABLE_DEBUG_INFO = INCLUDE_SOURCE;
				MTL_FAST_MATH = YES;
				ONLY_ACTIVE_ARCH = YES;
				SDKROOT = iphoneos;
				SWIFT_ACTIVE_COMPILATION_CONDITIONS = DEBUG;
				SWIFT_OPTIMIZATION_LEVEL = "-Onone";
			};
			name = Debug;
		};
		F8E6EBB922AE407B001D51ED /* Release */ = {
			isa = XCBuildConfiguration;
			buildSettings = {
				ALWAYS_SEARCH_USER_PATHS = NO;
				CLANG_ANALYZER_NONNULL = YES;
				CLANG_ANALYZER_NUMBER_OBJECT_CONVERSION = YES_AGGRESSIVE;
				CLANG_CXX_LANGUAGE_STANDARD = "gnu++14";
				CLANG_CXX_LIBRARY = "libc++";
				CLANG_ENABLE_MODULES = YES;
				CLANG_ENABLE_OBJC_ARC = YES;
				CLANG_ENABLE_OBJC_WEAK = YES;
				CLANG_WARN_BLOCK_CAPTURE_AUTORELEASING = YES;
				CLANG_WARN_BOOL_CONVERSION = YES;
				CLANG_WARN_COMMA = YES;
				CLANG_WARN_CONSTANT_CONVERSION = YES;
				CLANG_WARN_DEPRECATED_OBJC_IMPLEMENTATIONS = YES;
				CLANG_WARN_DIRECT_OBJC_ISA_USAGE = YES_ERROR;
				CLANG_WARN_DOCUMENTATION_COMMENTS = YES;
				CLANG_WARN_EMPTY_BODY = YES;
				CLANG_WARN_ENUM_CONVERSION = YES;
				CLANG_WARN_INFINITE_RECURSION = YES;
				CLANG_WARN_INT_CONVERSION = YES;
				CLANG_WARN_NON_LITERAL_NULL_CONVERSION = YES;
				CLANG_WARN_OBJC_IMPLICIT_RETAIN_SELF = YES;
				CLANG_WARN_OBJC_LITERAL_CONVERSION = YES;
				CLANG_WARN_OBJC_ROOT_CLASS = YES_ERROR;
				CLANG_WARN_RANGE_LOOP_ANALYSIS = YES;
				CLANG_WARN_STRICT_PROTOTYPES = YES;
				CLANG_WARN_SUSPICIOUS_MOVE = YES;
				CLANG_WARN_UNGUARDED_AVAILABILITY = YES_AGGRESSIVE;
				CLANG_WARN_UNREACHABLE_CODE = YES;
				CLANG_WARN__DUPLICATE_METHOD_MATCH = YES;
				CODE_SIGN_IDENTITY = "iPhone Developer";
				COPY_PHASE_STRIP = NO;
				DEBUG_INFORMATION_FORMAT = "dwarf-with-dsym";
				ENABLE_NS_ASSERTIONS = NO;
				ENABLE_STRICT_OBJC_MSGSEND = YES;
				GCC_C_LANGUAGE_STANDARD = gnu11;
				GCC_NO_COMMON_BLOCKS = YES;
				GCC_WARN_64_TO_32_BIT_CONVERSION = YES;
				GCC_WARN_ABOUT_RETURN_TYPE = YES_ERROR;
				GCC_WARN_UNDECLARED_SELECTOR = YES;
				GCC_WARN_UNINITIALIZED_AUTOS = YES_AGGRESSIVE;
				GCC_WARN_UNUSED_FUNCTION = YES;
				GCC_WARN_UNUSED_VARIABLE = YES;
				IPHONEOS_DEPLOYMENT_TARGET = 12.2;
				MTL_ENABLE_DEBUG_INFO = NO;
				MTL_FAST_MATH = YES;
				SDKROOT = iphoneos;
				SWIFT_COMPILATION_MODE = wholemodule;
				SWIFT_OPTIMIZATION_LEVEL = "-O";
				VALIDATE_PRODUCT = YES;
			};
			name = Release;
		};
		F8E6EBBB22AE407B001D51ED /* Debug */ = {
			isa = XCBuildConfiguration;
			buildSettings = {
				ASSETCATALOG_COMPILER_APPICON_NAME = AppIcon;
				CODE_SIGN_STYLE = Automatic;
				DEVELOPMENT_TEAM = 945P9F63PL;
				INFOPLIST_FILE = Swift4ScanQRCode/Info.plist;
				LD_RUNPATH_SEARCH_PATHS = (
					"$(inherited)",
					"@executable_path/Frameworks",
				);
				PRODUCT_BUNDLE_IDENTIFIER = com.ing.Swift4ScanQRCode;
				PRODUCT_NAME = "$(TARGET_NAME)";
				SWIFT_VERSION = 5.0;
				TARGETED_DEVICE_FAMILY = "1,2";
			};
			name = Debug;
		};
		F8E6EBBC22AE407B001D51ED /* Release */ = {
			isa = XCBuildConfiguration;
			buildSettings = {
				ASSETCATALOG_COMPILER_APPICON_NAME = AppIcon;
				CODE_SIGN_STYLE = Automatic;
				DEVELOPMENT_TEAM = 945P9F63PL;
				INFOPLIST_FILE = Swift4ScanQRCode/Info.plist;
				LD_RUNPATH_SEARCH_PATHS = (
					"$(inherited)",
					"@executable_path/Frameworks",
				);
				PRODUCT_BUNDLE_IDENTIFIER = com.ing.Swift4ScanQRCode;
				PRODUCT_NAME = "$(TARGET_NAME)";
				SWIFT_VERSION = 5.0;
				TARGETED_DEVICE_FAMILY = "1,2";
			};
			name = Release;
		};
		F8E6EBBE22AE407B001D51ED /* Debug */ = {
			isa = XCBuildConfiguration;
			buildSettings = {
				ALWAYS_EMBED_SWIFT_STANDARD_LIBRARIES = YES;
				BUNDLE_LOADER = "$(TEST_HOST)";
				CODE_SIGN_STYLE = Automatic;
				INFOPLIST_FILE = Swift4ScanQRCodeTests/Info.plist;
				LD_RUNPATH_SEARCH_PATHS = (
					"$(inherited)",
					"@executable_path/Frameworks",
					"@loader_path/Frameworks",
				);
				PRODUCT_BUNDLE_IDENTIFIER = com.ing.Swift4ScanQRCodeTests;
				PRODUCT_NAME = "$(TARGET_NAME)";
				SWIFT_VERSION = 5.0;
				TARGETED_DEVICE_FAMILY = "1,2";
				TEST_HOST = "$(BUILT_PRODUCTS_DIR)/Swift5ScanQRCode.app/Swift5ScanQRCode";
			};
			name = Debug;
		};
		F8E6EBBF22AE407B001D51ED /* Release */ = {
			isa = XCBuildConfiguration;
			buildSettings = {
				ALWAYS_EMBED_SWIFT_STANDARD_LIBRARIES = YES;
				BUNDLE_LOADER = "$(TEST_HOST)";
				CODE_SIGN_STYLE = Automatic;
				INFOPLIST_FILE = Swift4ScanQRCodeTests/Info.plist;
				LD_RUNPATH_SEARCH_PATHS = (
					"$(inherited)",
					"@executable_path/Frameworks",
					"@loader_path/Frameworks",
				);
				PRODUCT_BUNDLE_IDENTIFIER = com.ing.Swift4ScanQRCodeTests;
				PRODUCT_NAME = "$(TARGET_NAME)";
				SWIFT_VERSION = 5.0;
				TARGETED_DEVICE_FAMILY = "1,2";
				TEST_HOST = "$(BUILT_PRODUCTS_DIR)/Swift5ScanQRCode.app/Swift5ScanQRCode";
			};
			name = Release;
		};
		F8E6EBC122AE407B001D51ED /* Debug */ = {
			isa = XCBuildConfiguration;
			buildSettings = {
				ALWAYS_EMBED_SWIFT_STANDARD_LIBRARIES = YES;
				CODE_SIGN_STYLE = Automatic;
				INFOPLIST_FILE = Swift4ScanQRCodeUITests/Info.plist;
				LD_RUNPATH_SEARCH_PATHS = (
					"$(inherited)",
					"@executable_path/Frameworks",
					"@loader_path/Frameworks",
				);
				PRODUCT_BUNDLE_IDENTIFIER = com.ing.Swift4ScanQRCodeUITests;
				PRODUCT_NAME = "$(TARGET_NAME)";
				SWIFT_VERSION = 5.0;
				TARGETED_DEVICE_FAMILY = "1,2";
				TEST_TARGET_NAME = Swift4ScanQRCode;
			};
			name = Debug;
		};
		F8E6EBC222AE407B001D51ED /* Release */ = {
			isa = XCBuildConfiguration;
			buildSettings = {
				ALWAYS_EMBED_SWIFT_STANDARD_LIBRARIES = YES;
				CODE_SIGN_STYLE = Automatic;
				INFOPLIST_FILE = Swift4ScanQRCodeUITests/Info.plist;
				LD_RUNPATH_SEARCH_PATHS = (
					"$(inherited)",
					"@executable_path/Frameworks",
					"@loader_path/Frameworks",
				);
				PRODUCT_BUNDLE_IDENTIFIER = com.ing.Swift4ScanQRCodeUITests;
				PRODUCT_NAME = "$(TARGET_NAME)";
				SWIFT_VERSION = 5.0;
				TARGETED_DEVICE_FAMILY = "1,2";
				TEST_TARGET_NAME = Swift4ScanQRCode;
			};
			name = Release;
		};
/* End XCBuildConfiguration section */

/* Begin XCConfigurationList section */
		F8E6EB8D22AE4079001D51ED /* Build configuration list for PBXProject "Swift5ScanQRCode" */ = {
			isa = XCConfigurationList;
			buildConfigurations = (
				F8E6EBB822AE407B001D51ED /* Debug */,
				F8E6EBB922AE407B001D51ED /* Release */,
			);
			defaultConfigurationIsVisible = 0;
			defaultConfigurationName = Release;
		};
		F8E6EBBA22AE407B001D51ED /* Build configuration list for PBXNativeTarget "Swift5ScanQRCode" */ = {
			isa = XCConfigurationList;
			buildConfigurations = (
				F8E6EBBB22AE407B001D51ED /* Debug */,
				F8E6EBBC22AE407B001D51ED /* Release */,
			);
			defaultConfigurationIsVisible = 0;
			defaultConfigurationName = Release;
		};
		F8E6EBBD22AE407B001D51ED /* Build configuration list for PBXNativeTarget "Swift5ScanQRCodeTests" */ = {
			isa = XCConfigurationList;
			buildConfigurations = (
				F8E6EBBE22AE407B001D51ED /* Debug */,
				F8E6EBBF22AE407B001D51ED /* Release */,
			);
			defaultConfigurationIsVisible = 0;
			defaultConfigurationName = Release;
		};
		F8E6EBC022AE407B001D51ED /* Build configuration list for PBXNativeTarget "Swift5ScanQRCodeUITests" */ = {
			isa = XCConfigurationList;
			buildConfigurations = (
				F8E6EBC122AE407B001D51ED /* Debug */,
				F8E6EBC222AE407B001D51ED /* Release */,
			);
			defaultConfigurationIsVisible = 0;
			defaultConfigurationName = Release;
		};
/* End XCConfigurationList section */
	};
	rootObject = F8E6EB8A22AE4079001D51ED /* Project object */;
}
